Microsoft Visual Studio Solution File, Format Version 12.00
# Visual Studio Version 17
MinimumVisualStudioVersion = 10.0.40219.1
Project("{baf13bf9-acf5-454e-bb58-9a10fe29ad55}") = "Self-Shaping Composites.Components", "Self-Shaping Composites.Components\Self-Shaping Composites.Components.csproj", "{3e2b5591-5c56-41ea-a175-a50757de2cad}"
EndProject

Global
	GlobalSection(SolutionConfigurationPlatforms) = preSolution
		Debug|Any CPU = Debug|Any CPU
		Release|Any CPU = Release|Any CPU
	EndGlobalSection
	GlobalSection(ProjectConfigurationPlatforms) = postSolution
		{3e2b5591-5c56-41ea-a175-a50757de2cad}.Debug|Any CPU.ActiveCfg = Debug|Any CPU
		{3e2b5591-5c56-41ea-a175-a50757de2cad}.Debug|Any CPU.Build.0 = Debug|Any CPU
		{3e2b5591-5c56-41ea-a175-a50757de2cad}.Release|Any CPU.ActiveCfg = Release|Any CPU
		{3e2b5591-5c56-41ea-a175-a50757de2cad}.Release|Any CPU.Build.0 = Release|Any CPU
	EndGlobalSection
EndGlobal
